
Microsoft Visual Studio Solution File, Format Version 12.00
# Visual Studio Version 16
VisualStudioVersion = 16.0.30717.126
MinimumVisualStudioVersion = 15.0.26124.0
Project("{2150E333-8FDC-42A3-9474-1A3956D46DE8}") = "Source", "Source", "{CC4F6704-53A4-46F2-A595-776476883437}"
EndProject
Project("{9A19103F-16F7-4668-BE54-9A1E7A4F7556}") = "Web", "Source\Web\Web.csproj", "{9E060E41-9FB4-4F0E-B9E5-FAE4D977E0BC}"
EndProject
Global
	GlobalSection(SolutionConfigurationPlatforms) = preSolution
		Debug|Any CPU = Debug|Any CPU
		Debug|x64 = Debug|x64
		Debug|x86 = Debug|x86
		Release|Any CPU = Release|Any CPU
		Release|x64 = Release|x64
		Release|x86 = Release|x86
	EndGlobalSection
	GlobalSection(ProjectConfigurationPlatforms) = postSolution
		{9E060E41-9FB4-4F0E-B9E5-FAE4D977E0BC}.Debug|Any CPU.ActiveCfg = Debug|Any CPU
		{9E060E41-9FB4-4F0E-B9E5-FAE4D977E0BC}.Debug|Any CPU.Build.0 = Debug|Any CPU
		{9E060E41-9FB4-4F0E-B9E5-FAE4D977E0BC}.Debug|x64.ActiveCfg = Debug|Any CPU
		{9E060E41-9FB4-4F0E-B9E5-FAE4D977E0BC}.Debug|x64.Build.0 = Debug|Any CPU
		{9E060E41-9FB4-4F0E-B9E5-FAE4D977E0BC}.Debug|x86.ActiveCfg = Debug|Any CPU
		{9E060E41-9FB4-4F0E-B9E5-FAE4D977E0BC}.Debug|x86.Build.0 = Debug|Any CPU
		{9E060E41-9FB4-4F0E-B9E5-FAE4D977E0BC}.Release|Any CPU.ActiveCfg = Release|Any CPU
		{9E060E41-9FB4-4F0E-B9E5-FAE4D977E0BC}.Release|Any CPU.Build.0 = Release|Any CPU
		{9E060E41-9FB4-4F0E-B9E5-FAE4D977E0BC}.Release|x64.ActiveCfg = Release|Any CPU
		{9E060E41-9FB4-4F0E-B9E5-FAE4D977E0BC}.Release|x64.Build.0 = Release|Any CPU
		{9E060E41-9FB4-4F0E-B9E5-FAE4D977E0BC}.Release|x86.ActiveCfg = Release|Any CPU
		{9E060E41-9FB4-4F0E-B9E5-FAE4D977E0BC}.Release|x86.Build.0 = Release|Any CPU
	EndGlobalSection
	GlobalSection(SolutionProperties) = preSolution
		HideSolutionNode = FALSE
	EndGlobalSection
	GlobalSection(NestedProjects) = preSolution
		{9E060E41-9FB4-4F0E-B9E5-FAE4D977E0BC} = {CC4F6704-53A4-46F2-A595-776476883437}
	EndGlobalSection
	GlobalSection(ExtensibilityGlobals) = postSolution
		SolutionGuid = {45FE2346-1D9F-4214-9D3D-443F1B64DF9F}
	EndGlobalSection
EndGlobal
